// !$*UTF8*$!
{
	archiveVersion = 1;
	classes = {
	};
	objectVersion = 46;
	objects = {

/* Begin PBXBuildFile section */
		9422E3AF1EF2276E004F9D75 /* timeLineData.json in Resources */ = {isa = PBXBuildFile; fileRef = 944919241EF22660008D6E4D /* timeLineData.json */; };
		9422E3B61EF23269004F9D75 /* YKSegmentView.m in Sources */ = {isa = PBXBuildFile; fileRef = 9422E3B51EF23269004F9D75 /* YKSegmentView.m */; };
		944919171EF221AD008D6E4D /* YKKlineOriginalModel.m in Sources */ = {isa = PBXBuildFile; fileRef = 944919161EF221AD008D6E4D /* YKKlineOriginalModel.m */; };
		9449191A1EF22242008D6E4D /* YKTimelineOriginalModel.m in Sources */ = {isa = PBXBuildFile; fileRef = 944919191EF22242008D6E4D /* YKTimelineOriginalModel.m */; };
		9449191D1EF224C4008D6E4D /* YKTimeChartView.m in Sources */ = {isa = PBXBuildFile; fileRef = 944919131EF21FA1008D6E4D /* YKTimeChartView.m */; };
		944919221EF225E9008D6E4D /* YKTimeChartModel.m in Sources */ = {isa = PBXBuildFile; fileRef = 9449191B1EF22353008D6E4D /* YKTimeChartModel.m */; };
		944919231EF225F8008D6E4D /* YKTimeLinePointModel.m in Sources */ = {isa = PBXBuildFile; fileRef = 9449191F1EF22588008D6E4D /* YKTimeLinePointModel.m */; };
		94560B771EE4E0B6005EA16A /* kLine.json in Resources */ = {isa = PBXBuildFile; fileRef = 94560B761EE4E0B6005EA16A /* kLine.json */; };
		94560B7E1EE4E0D1005EA16A /* YKCandlePointModel.m in Sources */ = {isa = PBXBuildFile; fileRef = 94560B791EE4E0D1005EA16A /* YKCandlePointModel.m */; };
		94560B7F1EE4E0D1005EA16A /* YKKLineModel.m in Sources */ = {isa = PBXBuildFile; fileRef = 94560B7B1EE4E0D1005EA16A /* YKKLineModel.m */; };
		94560B871EE4E0DB005EA16A /* NSObject+YYModel.m in Sources */ = {isa = PBXBuildFile; fileRef = 94560B831EE4E0DB005EA16A /* NSObject+YYModel.m */; };
		94560B881EE4E0DB005EA16A /* YYClassInfo.m in Sources */ = {isa = PBXBuildFile; fileRef = 94560B851EE4E0DB005EA16A /* YYClassInfo.m */; };
		94560B8B1EE4ED4F005EA16A /* CAShapeLayer+YKOHLCLayer.m in Sources */ = {isa = PBXBuildFile; fileRef = 94560B8A1EE4ED4F005EA16A /* CAShapeLayer+YKOHLCLayer.m */; };
		94560B8E1EE4ED96005EA16A /* CAShapeLayer+YKCandleLayer.m in Sources */ = {isa = PBXBuildFile; fileRef = 94560B8D1EE4ED96005EA16A /* CAShapeLayer+YKCandleLayer.m */; };
		94560B911EE4F592005EA16A /* CATextLayer+YKTextLayer.m in Sources */ = {isa = PBXBuildFile; fileRef = 94560B901EE4F592005EA16A /* CATextLayer+YKTextLayer.m */; };
		94560B941EE4F9DF005EA16A /* CAShapeLayer+YKBorderLayer.m in Sources */ = {isa = PBXBuildFile; fileRef = 94560B931EE4F9DF005EA16A /* CAShapeLayer+YKBorderLayer.m */; };
		94560B9D1EE507BE005EA16A /* YKIndicatorBaseLib.c in Sources */ = {isa = PBXBuildFile; fileRef = 94560B9B1EE507BE005EA16A /* YKIndicatorBaseLib.c */; };
		94560BA01EE507D3005EA16A /* YKIndicatorLib.c in Sources */ = {isa = PBXBuildFile; fileRef = 94560B9E1EE507D3005EA16A /* YKIndicatorLib.c */; };
		947035871EE40725003617BB /* Main.storyboard in Resources */ = {isa = PBXBuildFile; fileRef = 947035851EE40725003617BB /* Main.storyboard */; };
		947035891EE40725003617BB /* Assets.xcassets in Resources */ = {isa = PBXBuildFile; fileRef = 947035881EE40725003617BB /* Assets.xcassets */; };
		9470358C1EE40725003617BB /* LaunchScreen.storyboard in Resources */ = {isa = PBXBuildFile; fileRef = 9470358A1EE40725003617BB /* LaunchScreen.storyboard */; };
		94F171981EE422CF00C81AFA /* YKCAShapeLayer.m in Sources */ = {isa = PBXBuildFile; fileRef = 94F171931EE422CF00C81AFA /* YKCAShapeLayer.m */; };
		94F171A91EE422E500C81AFA /* AppDelegate.m in Sources */ = {isa = PBXBuildFile; fileRef = 94F171A41EE422E500C81AFA /* AppDelegate.m */; };
		94F171AA1EE422E500C81AFA /* Info.plist in Resources */ = {isa = PBXBuildFile; fileRef = 94F171A51EE422E500C81AFA /* Info.plist */; };
		94F171AB1EE422E500C81AFA /* main.m in Sources */ = {isa = PBXBuildFile; fileRef = 94F171A61EE422E500C81AFA /* main.m */; };
		94F171AC1EE422E500C81AFA /* ViewController.m in Sources */ = {isa = PBXBuildFile; fileRef = 94F171A81EE422E500C81AFA /* ViewController.m */; };
		94F171B01EE422EB00C81AFA /* YKKlineViewController.m in Sources */ = {isa = PBXBuildFile; fileRef = 94F171AF1EE422EB00C81AFA /* YKKlineViewController.m */; };
		94F171B61EE4236500C81AFA /* UIColor+YKKlineThemeColor.m in Sources */ = {isa = PBXBuildFile; fileRef = 94F171B31EE4236500C81AFA /* UIColor+YKKlineThemeColor.m */; };
		94F171B71EE4236500C81AFA /* YKKlineViewConfig.m in Sources */ = {isa = PBXBuildFile; fileRef = 94F171B51EE4236500C81AFA /* YKKlineViewConfig.m */; };
		94F171BB1EE4249200C81AFA /* YKKlineView.m in Sources */ = {isa = PBXBuildFile; fileRef = 94F171BA1EE4249200C81AFA /* YKKlineView.m */; };
/* End PBXBuildFile section */

/* Begin PBXFileReference section */
		9422E3B41EF23269004F9D75 /* YKSegmentView.h */ = {isa = PBXFileReference; lastKnownFileType = sourcecode.c.h; path = YKSegmentView.h; sourceTree = "<group>"; };
		9422E3B51EF23269004F9D75 /* YKSegmentView.m */ = {isa = PBXFileReference; lastKnownFileType = sourcecode.c.objc; path = YKSegmentView.m; sourceTree = "<group>"; };
		944919131EF21FA1008D6E4D /* YKTimeChartView.m */ = {isa = PBXFileReference; lastKnownFileType = sourcecode.c.objc; path = YKTimeChartView.m; sourceTree = "<group>"; };
		944919141EF21FA1008D6E4D /* YKTimeChartView.h */ = {isa = PBXFileReference; lastKnownFileType = sourcecode.c.h; path = YKTimeChartView.h; sourceTree = "<group>"; };
		944919151EF221AD008D6E4D /* YKKlineOriginalModel.h */ = {isa = PBXFileReference; lastKnownFileType = sourcecode.c.h; path = YKKlineOriginalModel.h; sourceTree = "<group>"; };
		944919161EF221AD008D6E4D /* YKKlineOriginalModel.m */ = {isa = PBXFileReference; lastKnownFileType = sourcecode.c.objc; path = YKKlineOriginalModel.m; sourceTree = "<group>"; };
		944919181EF22242008D6E4D /* YKTimelineOriginalModel.h */ = {isa = PBXFileReference; lastKnownFileType = sourcecode.c.h; path = YKTimelineOriginalModel.h; sourceTree = "<group>"; };
		944919191EF22242008D6E4D /* YKTimelineOriginalModel.m */ = {isa = PBXFileReference; lastKnownFileType = sourcecode.c.objc; path = YKTimelineOriginalModel.m; sourceTree = "<group>"; };
		9449191B1EF22353008D6E4D /* YKTimeChartModel.m */ = {isa = PBXFileReference; lastKnownFileType = sourcecode.c.objc; path = YKTimeChartModel.m; sourceTree = "<group>"; };
		9449191C1EF22353008D6E4D /* YKTimeChartModel.h */ = {isa = PBXFileReference; lastKnownFileType = sourcecode.c.h; path = YKTimeChartModel.h; sourceTree = "<group>"; };
		9449191E1EF22588008D6E4D /* YKTimeLinePointModel.h */ = {isa = PBXFileReference; lastKnownFileType = sourcecode.c.h; path = YKTimeLinePointModel.h; sourceTree = "<group>"; };
		9449191F1EF22588008D6E4D /* YKTimeLinePointModel.m */ = {isa = PBXFileReference; lastKnownFileType = sourcecode.c.objc; path = YKTimeLinePointModel.m; sourceTree = "<group>"; };
		944919241EF22660008D6E4D /* timeLineData.json */ = {isa = PBXFileReference; lastKnownFileType = text.json; path = timeLineData.json; sourceTree = "<group>"; };
		94560B761EE4E0B6005EA16A /* kLine.json */ = {isa = PBXFileReference; fileEncoding = 4; lastKnownFileType = text.json; path = kLine.json; sourceTree = "<group>"; };
		94560B781EE4E0D1005EA16A /* YKCandlePointModel.h */ = {isa = PBXFileReference; fileEncoding = 4; lastKnownFileType = sourcecode.c.h; path = YKCandlePointModel.h; sourceTree = "<group>"; };
		94560B791EE4E0D1005EA16A /* YKCandlePointModel.m */ = {isa = PBXFileReference; fileEncoding = 4; lastKnownFileType = sourcecode.c.objc; path = YKCandlePointModel.m; sourceTree = "<group>"; };
		94560B7A1EE4E0D1005EA16A /* YKKLineModel.h */ = {isa = PBXFileReference; fileEncoding = 4; lastKnownFileType = sourcecode.c.h; path = YKKLineModel.h; sourceTree = "<group>"; };
		94560B7B1EE4E0D1005EA16A /* YKKLineModel.m */ = {isa = PBXFileReference; fileEncoding = 4; lastKnownFileType = sourcecode.c.objc; path = YKKLineModel.m; sourceTree = "<group>"; };
		94560B821EE4E0DB005EA16A /* NSObject+YYModel.h */ = {isa = PBXFileReference; fileEncoding = 4; lastKnownFileType = sourcecode.c.h; path = "NSObject+YYModel.h"; sourceTree = "<group>"; };
		94560B831EE4E0DB005EA16A /* NSObject+YYModel.m */ = {isa = PBXFileReference; fileEncoding = 4; lastKnownFileType = sourcecode.c.objc; path = "NSObject+YYModel.m"; sourceTree = "<group>"; };
		94560B841EE4E0DB005EA16A /* YYClassInfo.h */ = {isa = PBXFileReference; fileEncoding = 4; lastKnownFileType = sourcecode.c.h; path = YYClassInfo.h; sourceTree = "<group>"; };
		94560B851EE4E0DB005EA16A /* YYClassInfo.m */ = {isa = PBXFileReference; fileEncoding = 4; lastKnownFileType = sourcecode.c.objc; path = YYClassInfo.m; sourceTree = "<group>"; };
		94560B861EE4E0DB005EA16A /* YYModel.h */ = {isa = PBXFileReference; fileEncoding = 4; lastKnownFileType = sourcecode.c.h; path = YYModel.h; sourceTree = "<group>"; };
		94560B891EE4ED4F005EA16A /* CAShapeLayer+YKOHLCLayer.h */ = {isa = PBXFileReference; fileEncoding = 4; lastKnownFileType = sourcecode.c.h; path = "CAShapeLayer+YKOHLCLayer.h"; sourceTree = "<group>"; };
		94560B8A1EE4ED4F005EA16A /* CAShapeLayer+YKOHLCLayer.m */ = {isa = PBXFileReference; fileEncoding = 4; lastKnownFileType = sourcecode.c.objc; path = "CAShapeLayer+YKOHLCLayer.m"; sourceTree = "<group>"; };
		94560B8C1EE4ED96005EA16A /* CAShapeLayer+YKCandleLayer.h */ = {isa = PBXFileReference; fileEncoding = 4; lastKnownFileType = sourcecode.c.h; path = "CAShapeLayer+YKCandleLayer.h"; sourceTree = "<group>"; };
		94560B8D1EE4ED96005EA16A /* CAShapeLayer+YKCandleLayer.m */ = {isa = PBXFileReference; fileEncoding = 4; lastKnownFileType = sourcecode.c.objc; path = "CAShapeLayer+YKCandleLayer.m"; sourceTree = "<group>"; };
		94560B8F1EE4F592005EA16A /* CATextLayer+YKTextLayer.h */ = {isa = PBXFileReference; fileEncoding = 4; lastKnownFileType = sourcecode.c.h; path = "CATextLayer+YKTextLayer.h"; sourceTree = "<group>"; };
		94560B901EE4F592005EA16A /* CATextLayer+YKTextLayer.m */ = {isa = PBXFileReference; fileEncoding = 4; lastKnownFileType = sourcecode.c.objc; path = "CATextLayer+YKTextLayer.m"; sourceTree = "<group>"; };
		94560B921EE4F9DF005EA16A /* CAShapeLayer+YKBorderLayer.h */ = {isa = PBXFileReference; fileEncoding = 4; lastKnownFileType = sourcecode.c.h; path = "CAShapeLayer+YKBorderLayer.h"; sourceTree = "<group>"; };
		94560B931EE4F9DF005EA16A /* CAShapeLayer+YKBorderLayer.m */ = {isa = PBXFileReference; fileEncoding = 4; lastKnownFileType = sourcecode.c.objc; path = "CAShapeLayer+YKBorderLayer.m"; sourceTree = "<group>"; };
		94560B9B1EE507BE005EA16A /* YKIndicatorBaseLib.c */ = {isa = PBXFileReference; fileEncoding = 4; lastKnownFileType = sourcecode.c.c; path = YKIndicatorBaseLib.c; sourceTree = "<group>"; };
		94560B9C1EE507BE005EA16A /* YKIndicatorBaseLib.h */ = {isa = PBXFileReference; fileEncoding = 4; lastKnownFileType = sourcecode.c.h; path = YKIndicatorBaseLib.h; sourceTree = "<group>"; };
		94560B9E1EE507D3005EA16A /* YKIndicatorLib.c */ = {isa = PBXFileReference; fileEncoding = 4; lastKnownFileType = sourcecode.c.c; path = YKIndicatorLib.c; sourceTree = "<group>"; };
		94560B9F1EE507D3005EA16A /* YKIndicatorLib.h */ = {isa = PBXFileReference; fileEncoding = 4; lastKnownFileType = sourcecode.c.h; path = YKIndicatorLib.h; sourceTree = "<group>"; };
		947035791EE40725003617BB /* YKKline.app */ = {isa = PBXFileReference; explicitFileType = wrapper.application; includeInIndex = 0; path = YKKline.app; sourceTree = BUILT_PRODUCTS_DIR; };
		947035861EE40725003617BB /* Base */ = {isa = PBXFileReference; lastKnownFileType = file.storyboard; name = Base; path = Base.lproj/Main.storyboard; sourceTree = "<group>"; };
		947035881EE40725003617BB /* Assets.xcassets */ = {isa = PBXFileReference; lastKnownFileType = folder.assetcatalog; path = Assets.xcassets; sourceTree = "<group>"; };
		9470358B1EE40725003617BB /* Base */ = {isa = PBXFileReference; lastKnownFileType = file.storyboard; name = Base; path = Base.lproj/LaunchScreen.storyboard; sourceTree = "<group>"; };
		94F171921EE422CF00C81AFA /* YKCAShapeLayer.h */ = {isa = PBXFileReference; fileEncoding = 4; lastKnownFileType = sourcecode.c.h; path = YKCAShapeLayer.h; sourceTree = "<group>"; };
		94F171931EE422CF00C81AFA /* YKCAShapeLayer.m */ = {isa = PBXFileReference; fileEncoding = 4; lastKnownFileType = sourcecode.c.objc; path = YKCAShapeLayer.m; sourceTree = "<group>"; };
		94F171A31EE422E500C81AFA /* AppDelegate.h */ = {isa = PBXFileReference; fileEncoding = 4; lastKnownFileType = sourcecode.c.h; path = AppDelegate.h; sourceTree = "<group>"; };
		94F171A41EE422E500C81AFA /* AppDelegate.m */ = {isa = PBXFileReference; fileEncoding = 4; lastKnownFileType = sourcecode.c.objc; path = AppDelegate.m; sourceTree = "<group>"; };
		94F171A51EE422E500C81AFA /* Info.plist */ = {isa = PBXFileReference; fileEncoding = 4; lastKnownFileType = text.plist.xml; path = Info.plist; sourceTree = "<group>"; };
		94F171A61EE422E500C81AFA /* main.m */ = {isa = PBXFileReference; fileEncoding = 4; lastKnownFileType = sourcecode.c.objc; path = main.m; sourceTree = "<group>"; };
		94F171A71EE422E500C81AFA /* ViewController.h */ = {isa = PBXFileReference; fileEncoding = 4; lastKnownFileType = sourcecode.c.h; path = ViewController.h; sourceTree = "<group>"; };
		94F171A81EE422E500C81AFA /* ViewController.m */ = {isa = PBXFileReference; fileEncoding = 4; lastKnownFileType = sourcecode.c.objc; path = ViewController.m; sourceTree = "<group>"; };
		94F171AE1EE422EB00C81AFA /* YKKlineViewController.h */ = {isa = PBXFileReference; fileEncoding = 4; lastKnownFileType = sourcecode.c.h; path = YKKlineViewController.h; sourceTree = "<group>"; };
		94F171AF1EE422EB00C81AFA /* YKKlineViewController.m */ = {isa = PBXFileReference; fileEncoding = 4; lastKnownFileType = sourcecode.c.objc; path = YKKlineViewController.m; sourceTree = "<group>"; };
		94F171B21EE4236500C81AFA /* UIColor+YKKlineThemeColor.h */ = {isa = PBXFileReference; fileEncoding = 4; lastKnownFileType = sourcecode.c.h; path = "UIColor+YKKlineThemeColor.h"; sourceTree = "<group>"; };
		94F171B31EE4236500C81AFA /* UIColor+YKKlineThemeColor.m */ = {isa = PBXFileReference; fileEncoding = 4; lastKnownFileType = sourcecode.c.objc; path = "UIColor+YKKlineThemeColor.m"; sourceTree = "<group>"; };
		94F171B41EE4236500C81AFA /* YKKlineViewConfig.h */ = {isa = PBXFileReference; fileEncoding = 4; lastKnownFileType = sourcecode.c.h; path = YKKlineViewConfig.h; sourceTree = "<group>"; };
		94F171B51EE4236500C81AFA /* YKKlineViewConfig.m */ = {isa = PBXFileReference; fileEncoding = 4; lastKnownFileType = sourcecode.c.objc; path = YKKlineViewConfig.m; sourceTree = "<group>"; };
		94F171B91EE4249200C81AFA /* YKKlineView.h */ = {isa = PBXFileReference; fileEncoding = 4; lastKnownFileType = sourcecode.c.h; path = YKKlineView.h; sourceTree = "<group>"; };
		94F171BA1EE4249200C81AFA /* YKKlineView.m */ = {isa = PBXFileReference; fileEncoding = 4; lastKnownFileType = sourcecode.c.objc; path = YKKlineView.m; sourceTree = "<group>"; };
/* End PBXFileReference section */

/* Begin PBXFrameworksBuildPhase section */
		947035761EE40725003617BB /* Frameworks */ = {
			isa = PBXFrameworksBuildPhase;
			buildActionMask = 2147483647;
			files = (
			);
			runOnlyForDeploymentPostprocessing = 0;
		};
/* End PBXFrameworksBuildPhase section */

/* Begin PBXGroup section */
		9422E3B31EF23230004F9D75 /* Segment */ = {
			isa = PBXGroup;
			children = (
				9422E3B41EF23269004F9D75 /* YKSegmentView.h */,
				9422E3B51EF23269004F9D75 /* YKSegmentView.m */,
			);
			path = Segment;
			sourceTree = "<group>";
		};
		94560B811EE4E0DB005EA16A /* YYModel */ = {
			isa = PBXGroup;
			children = (
				94560B821EE4E0DB005EA16A /* NSObject+YYModel.h */,
				94560B831EE4E0DB005EA16A /* NSObject+YYModel.m */,
				94560B841EE4E0DB005EA16A /* YYClassInfo.h */,
				94560B851EE4E0DB005EA16A /* YYClassInfo.m */,
				94560B861EE4E0DB005EA16A /* YYModel.h */,
			);
			path = YYModel;
			sourceTree = "<group>";
		};
		947035701EE40725003617BB = {
			isa = PBXGroup;
			children = (
				9470357B1EE40725003617BB /* YKKline */,
				9470357A1EE40725003617BB /* Products */,
			);
			sourceTree = "<group>";
		};
		9470357A1EE40725003617BB /* Products */ = {
			isa = PBXGroup;
			children = (
				947035791EE40725003617BB /* YKKline.app */,
			);
			name = Products;
			sourceTree = "<group>";
		};
		9470357B1EE40725003617BB /* YKKline */ = {
			isa = PBXGroup;
			children = (
				94F171901EE422CF00C81AFA /* View */,
				94F171A11EE422DE00C81AFA /* Model */,
				94F171B11EE4236500C81AFA /* Config */,
				94F171A21EE422E500C81AFA /* Demo */,
				94F171AD1EE422EB00C81AFA /* Controller */,
				947035851EE40725003617BB /* Main.storyboard */,
				947035881EE40725003617BB /* Assets.xcassets */,
				9470358A1EE40725003617BB /* LaunchScreen.storyboard */,
			);
			path = YKKline;
			sourceTree = "<group>";
		};
		94F171901EE422CF00C81AFA /* View */ = {
			isa = PBXGroup;
			children = (
				9422E3B31EF23230004F9D75 /* Segment */,
				94F171911EE422CF00C81AFA /* Extension */,
				94F171B81EE4249200C81AFA /* YKKline */,
				94F171971EE422CF00C81AFA /* YKTimeline */,
			);
			path = View;
			sourceTree = "<group>";
		};
		94F171911EE422CF00C81AFA /* Extension */ = {
			isa = PBXGroup;
			children = (
				94F171921EE422CF00C81AFA /* YKCAShapeLayer.h */,
				94F171931EE422CF00C81AFA /* YKCAShapeLayer.m */,
				94560B891EE4ED4F005EA16A /* CAShapeLayer+YKOHLCLayer.h */,
				94560B8A1EE4ED4F005EA16A /* CAShapeLayer+YKOHLCLayer.m */,
				94560B8C1EE4ED96005EA16A /* CAShapeLayer+YKCandleLayer.h */,
				94560B8D1EE4ED96005EA16A /* CAShapeLayer+YKCandleLayer.m */,
				94560B8F1EE4F592005EA16A /* CATextLayer+YKTextLayer.h */,
				94560B901EE4F592005EA16A /* CATextLayer+YKTextLayer.m */,
				94560B921EE4F9DF005EA16A /* CAShapeLayer+YKBorderLayer.h */,
				94560B931EE4F9DF005EA16A /* CAShapeLayer+YKBorderLayer.m */,
			);
			path = Extension;
			sourceTree = "<group>";
		};
		94F171971EE422CF00C81AFA /* YKTimeline */ = {
			isa = PBXGroup;
			children = (
				944919141EF21FA1008D6E4D /* YKTimeChartView.h */,
				944919131EF21FA1008D6E4D /* YKTimeChartView.m */,
			);
			path = YKTimeline;
			sourceTree = "<group>";
		};
		94F171A11EE422DE00C81AFA /* Model */ = {
			isa = PBXGroup;
			children = (
				94560B811EE4E0DB005EA16A /* YYModel */,
				94560B781EE4E0D1005EA16A /* YKCandlePointModel.h */,
				94560B791EE4E0D1005EA16A /* YKCandlePointModel.m */,
				94560B7A1EE4E0D1005EA16A /* YKKLineModel.h */,
				94560B7B1EE4E0D1005EA16A /* YKKLineModel.m */,
				94560B761EE4E0B6005EA16A /* kLine.json */,
				944919241EF22660008D6E4D /* timeLineData.json */,
				94560B9B1EE507BE005EA16A /* YKIndicatorBaseLib.c */,
				94560B9C1EE507BE005EA16A /* YKIndicatorBaseLib.h */,
				94560B9E1EE507D3005EA16A /* YKIndicatorLib.c */,
				94560B9F1EE507D3005EA16A /* YKIndicatorLib.h */,
				944919151EF221AD008D6E4D /* YKKlineOriginalModel.h */,
				944919161EF221AD008D6E4D /* YKKlineOriginalModel.m */,
				944919181EF22242008D6E4D /* YKTimelineOriginalModel.h */,
				944919191EF22242008D6E4D /* YKTimelineOriginalModel.m */,
				9449191C1EF22353008D6E4D /* YKTimeChartModel.h */,
				9449191B1EF22353008D6E4D /* YKTimeChartModel.m */,
				9449191E1EF22588008D6E4D /* YKTimeLinePointModel.h */,
				9449191F1EF22588008D6E4D /* YKTimeLinePointModel.m */,
			);
			path = Model;
			sourceTree = "<group>";
		};
		94F171A21EE422E500C81AFA /* Demo */ = {
			isa = PBXGroup;
			children = (
				94F171A31EE422E500C81AFA /* AppDelegate.h */,
				94F171A41EE422E500C81AFA /* AppDelegate.m */,
				94F171A51EE422E500C81AFA /* Info.plist */,
				94F171A61EE422E500C81AFA /* main.m */,
				94F171A71EE422E500C81AFA /* ViewController.h */,
				94F171A81EE422E500C81AFA /* ViewController.m */,
			);
			path = Demo;
			sourceTree = "<group>";
		};
		94F171AD1EE422EB00C81AFA /* Controller */ = {
			isa = PBXGroup;
			children = (
				94F171AE1EE422EB00C81AFA /* YKKlineViewController.h */,
				94F171AF1EE422EB00C81AFA /* YKKlineViewController.m */,
			);
			path = Controller;
			sourceTree = "<group>";
		};
		94F171B11EE4236500C81AFA /* Config */ = {
			isa = PBXGroup;
			children = (
				94F171B21EE4236500C81AFA /* UIColor+YKKlineThemeColor.h */,
				94F171B31EE4236500C81AFA /* UIColor+YKKlineThemeColor.m */,
				94F171B41EE4236500C81AFA /* YKKlineViewConfig.h */,
				94F171B51EE4236500C81AFA /* YKKlineViewConfig.m */,
			);
			path = Config;
			sourceTree = "<group>";
		};
		94F171B81EE4249200C81AFA /* YKKline */ = {
			isa = PBXGroup;
			children = (
				94F171B91EE4249200C81AFA /* YKKlineView.h */,
				94F171BA1EE4249200C81AFA /* YKKlineView.m */,
			);
			name = YKKline;
			path = Extension/YKKline;
			sourceTree = "<group>";
		};
/* End PBXGroup section */

/* Begin PBXNativeTarget section */
		947035781EE40725003617BB /* YKKline */ = {
			isa = PBXNativeTarget;
			buildConfigurationList = 947035901EE40725003617BB /* Build configuration list for PBXNativeTarget "YKKline" */;
			buildPhases = (
				947035751EE40725003617BB /* Sources */,
				947035761EE40725003617BB /* Frameworks */,
				947035771EE40725003617BB /* Resources */,
			);
			buildRules = (
			);
			dependencies = (
			);
			name = YKKline;
			productName = YKKline;
			productReference = 947035791EE40725003617BB /* YKKline.app */;
			productType = "com.apple.product-type.application";
		};
/* End PBXNativeTarget section */

/* Begin PBXProject section */
		947035711EE40725003617BB /* Project object */ = {
			isa = PBXProject;
			attributes = {
				LastUpgradeCheck = 0830;
				ORGANIZATIONNAME = nethanhan;
				TargetAttributes = {
					947035781EE40725003617BB = {
						CreatedOnToolsVersion = 8.3.2;
						DevelopmentTeam = KR6EC3MJZK;
						ProvisioningStyle = Automatic;
					};
				};
			};
			buildConfigurationList = 947035741EE40725003617BB /* Build configuration list for PBXProject "YKKline" */;
			compatibilityVersion = "Xcode 3.2";
			developmentRegion = English;
			hasScannedForEncodings = 0;
			knownRegions = (
				en,
				Base,
			);
			mainGroup = 947035701EE40725003617BB;
			productRefGroup = 9470357A1EE40725003617BB /* Products */;
			projectDirPath = "";
			projectRoot = "";
			targets = (
				947035781EE40725003617BB /* YKKline */,
			);
		};
/* End PBXProject section */

/* Begin PBXResourcesBuildPhase section */
		947035771EE40725003617BB /* Resources */ = {
			isa = PBXResourcesBuildPhase;
			buildActionMask = 2147483647;
			files = (
				9422E3AF1EF2276E004F9D75 /* timeLineData.json in Resources */,
				94560B771EE4E0B6005EA16A /* kLine.json in Resources */,
				94F171AA1EE422E500C81AFA /* Info.plist in Resources */,
				9470358C1EE40725003617BB /* LaunchScreen.storyboard in Resources */,
				947035891EE40725003617BB /* Assets.xcassets in Resources */,
				947035871EE40725003617BB /* Main.storyboard in Resources */,
			);
			runOnlyForDeploymentPostprocessing = 0;
		};
/* End PBXResourcesBuildPhase section */

/* Begin PBXSourcesBuildPhase section */
		947035751EE40725003617BB /* Sources */ = {
			isa = PBXSourcesBuildPhase;
			buildActionMask = 2147483647;
			files = (
				944919231EF225F8008D6E4D /* YKTimeLinePointModel.m in Sources */,
				944919221EF225E9008D6E4D /* YKTimeChartModel.m in Sources */,
				9449191D1EF224C4008D6E4D /* YKTimeChartView.m in Sources */,
				94560B9D1EE507BE005EA16A /* YKIndicatorBaseLib.c in Sources */,
				94560BA01EE507D3005EA16A /* YKIndicatorLib.c in Sources */,
				94560B7E1EE4E0D1005EA16A /* YKCandlePointModel.m in Sources */,
				94560B941EE4F9DF005EA16A /* CAShapeLayer+YKBorderLayer.m in Sources */,
				94F171B01EE422EB00C81AFA /* YKKlineViewController.m in Sources */,
				94F171AC1EE422E500C81AFA /* ViewController.m in Sources */,
				944919171EF221AD008D6E4D /* YKKlineOriginalModel.m in Sources */,
				94560B871EE4E0DB005EA16A /* NSObject+YYModel.m in Sources */,
				94F171BB1EE4249200C81AFA /* YKKlineView.m in Sources */,
				9422E3B61EF23269004F9D75 /* YKSegmentView.m in Sources */,
				94F171981EE422CF00C81AFA /* YKCAShapeLayer.m in Sources */,
				94F171AB1EE422E500C81AFA /* main.m in Sources */,
				94F171A91EE422E500C81AFA /* AppDelegate.m in Sources */,
				94560B881EE4E0DB005EA16A /* YYClassInfo.m in Sources */,
				9449191A1EF22242008D6E4D /* YKTimelineOriginalModel.m in Sources */,
				94560B7F1EE4E0D1005EA16A /* YKKLineModel.m in Sources */,
				94560B911EE4F592005EA16A /* CATextLayer+YKTextLayer.m in Sources */,
				94560B8B1EE4ED4F005EA16A /* CAShapeLayer+YKOHLCLayer.m in Sources */,
				94F171B71EE4236500C81AFA /* YKKlineViewConfig.m in Sources */,
				94F171B61EE4236500C81AFA /* UIColor+YKKlineThemeColor.m in Sources */,
				94560B8E1EE4ED96005EA16A /* CAShapeLayer+YKCandleLayer.m in Sources */,
			);
			runOnlyForDeploymentPostprocessing = 0;
		};
/* End PBXSourcesBuildPhase section */

/* Begin PBXVariantGroup section */
		947035851EE40725003617BB /* Main.storyboard */ = {
			isa = PBXVariantGroup;
			children = (
				947035861EE40725003617BB /* Base */,
			);
			name = Main.storyboard;
			sourceTree = "<group>";
		};
		9470358A1EE40725003617BB /* LaunchScreen.storyboard */ = {
			isa = PBXVariantGroup;
			children = (
				9470358B1EE40725003617BB /* Base */,
			);
			name = LaunchScreen.storyboard;
			sourceTree = "<group>";
		};
/* End PBXVariantGroup section */

/* Begin XCBuildConfiguration section */
		9470358E1EE40725003617BB /* Debug */ = {
			isa = XCBuildConfiguration;
			buildSettings = {
				ALWAYS_SEARCH_USER_PATHS = NO;
				CLANG_ANALYZER_NONNULL = YES;
				CLANG_ANALYZER_NUMBER_OBJECT_CONVERSION = YES_AGGRESSIVE;
				CLANG_CXX_LANGUAGE_STANDARD = "gnu++0x";
				CLANG_CXX_LIBRARY = "libc++";
				CLANG_ENABLE_MODULES = YES;
				CLANG_ENABLE_OBJC_ARC = YES;
				CLANG_WARN_BOOL_CONVERSION = YES;
				CLANG_WARN_CONSTANT_CONVERSION = YES;
				CLANG_WARN_DIRECT_OBJC_ISA_USAGE = YES_ERROR;
				CLANG_WARN_DOCUMENTATION_COMMENTS = YES;
				CLANG_WARN_EMPTY_BODY = YES;
				CLANG_WARN_ENUM_CONVERSION = YES;
				CLANG_WARN_INFINITE_RECURSION = YES;
				CLANG_WARN_INT_CONVERSION = YES;
				CLANG_WARN_OBJC_ROOT_CLASS = YES_ERROR;
				CLANG_WARN_SUSPICIOUS_MOVE = YES;
				CLANG_WARN_UNREACHABLE_CODE = YES;
				CLANG_WARN__DUPLICATE_METHOD_MATCH = YES;
				"CODE_SIGN_IDENTITY[sdk=iphoneos*]" = "iPhone Developer";
				COPY_PHASE_STRIP = NO;
				DEBUG_INFORMATION_FORMAT = dwarf;
				ENABLE_STRICT_OBJC_MSGSEND = YES;
				ENABLE_TESTABILITY = YES;
				GCC_C_LANGUAGE_STANDARD = gnu99;
				GCC_DYNAMIC_NO_PIC = NO;
				GCC_NO_COMMON_BLOCKS = YES;
				GCC_OPTIMIZATION_LEVEL = 0;
				GCC_PREPROCESSOR_DEFINITIONS = (
					"DEBUG=1",
					"$(inherited)",
				);
				GCC_WARN_64_TO_32_BIT_CONVERSION = YES;
				GCC_WARN_ABOUT_RETURN_TYPE = YES_ERROR;
				GCC_WARN_UNDECLARED_SELECTOR = YES;
				GCC_WARN_UNINITIALIZED_AUTOS = YES_AGGRESSIVE;
				GCC_WARN_UNUSED_FUNCTION = YES;
				GCC_WARN_UNUSED_VARIABLE = YES;
				IPHONEOS_DEPLOYMENT_TARGET = 10.3;
				MTL_ENABLE_DEBUG_INFO = YES;
				ONLY_ACTIVE_ARCH = YES;
				SDKROOT = iphoneos;
			};
			name = Debug;
		};
		9470358F1EE40725003617BB /* Release */ = {
			isa = XCBuildConfiguration;
			buildSettings = {
				ALWAYS_SEARCH_USER_PATHS = NO;
				CLANG_ANALYZER_NONNULL = YES;
				CLANG_ANALYZER_NUMBER_OBJECT_CONVERSION = YES_AGGRESSIVE;
				CLANG_CXX_LANGUAGE_STANDARD = "gnu++0x";
				CLANG_CXX_LIBRARY = "libc++";
				CLANG_ENABLE_MODULES = YES;
				CLANG_ENABLE_OBJC_ARC = YES;
				CLANG_WARN_BOOL_CONVERSION = YES;
				CLANG_WARN_CONSTANT_CONVERSION = YES;
				CLANG_WARN_DIRECT_OBJC_ISA_USAGE = YES_ERROR;
				CLANG_WARN_DOCUMENTATION_COMMENTS = YES;
				CLANG_WARN_EMPTY_BODY = YES;
				CLANG_WARN_ENUM_CONVERSION = YES;
				CLANG_WARN_INFINITE_RECURSION = YES;
				CLANG_WARN_INT_CONVERSION = YES;
				CLANG_WARN_OBJC_ROOT_CLASS = YES_ERROR;
				CLANG_WARN_SUSPICIOUS_MOVE = YES;
				CLANG_WARN_UNREACHABLE_CODE = YES;
				CLANG_WARN__DUPLICATE_METHOD_MATCH = YES;
				"CODE_SIGN_IDENTITY[sdk=iphoneos*]" = "iPhone Developer";
				COPY_PHASE_STRIP = NO;
				DEBUG_INFORMATION_FORMAT = "dwarf-with-dsym";
				ENABLE_NS_ASSERTIONS = NO;
				ENABLE_STRICT_OBJC_MSGSEND = YES;
				GCC_C_LANGUAGE_STANDARD = gnu99;
				GCC_NO_COMMON_BLOCKS = YES;
				GCC_WARN_64_TO_32_BIT_CONVERSION = YES;
				GCC_WARN_ABOUT_RETURN_TYPE = YES_ERROR;
				GCC_WARN_UNDECLARED_SELECTOR = YES;
				GCC_WARN_UNINITIALIZED_AUTOS = YES_AGGRESSIVE;
				GCC_WARN_UNUSED_FUNCTION = YES;
				GCC_WARN_UNUSED_VARIABLE = YES;
				IPHONEOS_DEPLOYMENT_TARGET = 10.3;
				MTL_ENABLE_DEBUG_INFO = NO;
				SDKROOT = iphoneos;
				VALIDATE_PRODUCT = YES;
			};
			name = Release;
		};
		947035911EE40725003617BB /* Debug */ = {
			isa = XCBuildConfiguration;
			buildSettings = {
				ASSETCATALOG_COMPILER_APPICON_NAME = AppIcon;
				DEVELOPMENT_TEAM = KR6EC3MJZK;
				INFOPLIST_FILE = "$(SRCROOT)/YKKline/Demo/Info.plist";
				IPHONEOS_DEPLOYMENT_TARGET = 8.0;
				LD_RUNPATH_SEARCH_PATHS = "$(inherited) @executable_path/Frameworks";
				PRODUCT_BUNDLE_IDENTIFIER = "com.-.YKKline";
				PRODUCT_NAME = "$(TARGET_NAME)";
				VALID_ARCHS = "arm64 armv7 armv7s x86_64";
			};
			name = Debug;
		};
		947035921EE40725003617BB /* Release */ = {
			isa = XCBuildConfiguration;
			buildSettings = {
				ASSETCATALOG_COMPILER_APPICON_NAME = AppIcon;
				DEVELOPMENT_TEAM = KR6EC3MJZK;
				INFOPLIST_FILE = "$(SRCROOT)/YKKline/Demo/Info.plist";
				IPHONEOS_DEPLOYMENT_TARGET = 8.0;
				LD_RUNPATH_SEARCH_PATHS = "$(inherited) @executable_path/Frameworks";
				PRODUCT_BUNDLE_IDENTIFIER = "com.-.YKKline";
				PRODUCT_NAME = "$(TARGET_NAME)";
				VALID_ARCHS = "arm64 armv7 armv7s x86_64";
			};
			name = Release;
		};
/* End XCBuildConfiguration section */

/* Begin XCConfigurationList section */
		947035741EE40725003617BB /* Build configuration list for PBXProject "YKKline" */ = {
			isa = XCConfigurationList;
			buildConfigurations = (
				9470358E1EE40725003617BB /* Debug */,
				9470358F1EE40725003617BB /* Release */,
			);
			defaultConfigurationIsVisible = 0;
			defaultConfigurationName = Release;
		};
		947035901EE40725003617BB /* Build configuration list for PBXNativeTarget "YKKline" */ = {
			isa = XCConfigurationList;
			buildConfigurations = (
				947035911EE40725003617BB /* Debug */,
				947035921EE40725003617BB /* Release */,
			);
			defaultConfigurationIsVisible = 0;
			defaultConfigurationName = Release;
		};
/* End XCConfigurationList section */
	};
	rootObject = 947035711EE40725003617BB /* Project object */;
}
